
Microsoft Visual Studio Solution File, Format Version 12.00
# Visual Studio Version 17
VisualStudioVersion = 17.13.35931.197 d17.13
MinimumVisualStudioVersion = 10.0.40219.1
Project("{FAE04EC0-301F-11D3-BF4B-00C04F79EFBC}") = "İnsanlar", "İnsanlar\İnsanlar.csproj", "{E9B553F1-4D86-4825-822B-A2ABB49D339F}"
EndProject
Global
	GlobalSection(SolutionConfigurationPlatforms) = preSolution
		Debug|Any CPU = Debug|Any CPU
		Release|Any CPU = Release|Any CPU
	EndGlobalSection
	GlobalSection(ProjectConfigurationPlatforms) = postSolution
		{E9B553F1-4D86-4825-822B-A2ABB49D339F}.Debug|Any CPU.ActiveCfg = Debug|Any CPU
		{E9B553F1-4D86-4825-822B-A2ABB49D339F}.Debug|Any CPU.Build.0 = Debug|Any CPU
		{E9B553F1-4D86-4825-822B-A2ABB49D339F}.Release|Any CPU.ActiveCfg = Release|Any CPU
		{E9B553F1-4D86-4825-822B-A2ABB49D339F}.Release|Any CPU.Build.0 = Release|Any CPU
	EndGlobalSection
	GlobalSection(SolutionProperties) = preSolution
		HideSolutionNode = FALSE
	EndGlobalSection
	GlobalSection(ExtensibilityGlobals) = postSolution
		SolutionGuid = {EA1027DC-E391-4D51-8A50-BFFC85149074}
	EndGlobalSection
EndGlobal
